<?xml version="1.0" encoding="utf-8"?>
<Project ToolsVersion="4.0" xmlns="http://schemas.microsoft.com/developer/msbuild/2003">
  <ItemGroup>
    <Filter Include="源文件">
      <UniqueIdentifier>{4FC737F1-C7A5-4376-A066-2A32D752A2FF}</UniqueIdentifier>
      <Extensions>cpp;c;cc;cxx;c++;cppm;ixx;def;odl;idl;hpj;bat;asm;asmx</Extensions>
    </Filter>
    <Filter Include="头文件">
      <UniqueIdentifier>{93995380-89BD-4b04-88EB-625FBE52EBFB}</UniqueIdentifier>
      <Extensions>h;hh;hpp;hxx;h++;hm;inl;inc;ipp;xsd</Extensions>
    </Filter>
    <Filter Include="资源文件">
      <UniqueIdentifier>{67DA6AB6-F800-4c08-8B7A-83BB121AAD01}</UniqueIdentifier>
      <Extensions>rc;ico;cur;bmp;dlg;rc2;rct;bin;rgs;gif;jpg;jpeg;jpe;resx;tiff;tif;png;wav;mfcribbon-ms</Extensions>
    </Filter>
  </ItemGroup>
  <ItemGroup>
    <ClCompile Include="力扣70-爬楼梯.cpp">
      <Filter>源文件</Filter>
    </ClCompile>
    <ClCompile Include="力扣120-三角形最小路径和.cpp">
      <Filter>源文件</Filter>
    </ClCompile>
    <ClCompile Include="力扣64-最小路径和.cpp">
      <Filter>源文件</Filter>
    </ClCompile>
    <ClCompile Include="力扣343-整数拆分.cpp">
      <Filter>源文件</Filter>
    </ClCompile>
    <ClCompile Include="力扣279-完全平方数.cpp">
      <Filter>源文件</Filter>
    </ClCompile>
    <ClCompile Include="力扣91-解码方法.cpp">
      <Filter>源文件</Filter>
    </ClCompile>
    <ClCompile Include="力扣62-不同路径.cpp">
      <Filter>源文件</Filter>
    </ClCompile>
    <ClCompile Include="力扣63-不同路径II.cpp">
      <Filter>源文件</Filter>
    </ClCompile>
    <ClCompile Include="力扣198-打家劫舍.cpp">
      <Filter>源文件</Filter>
    </ClCompile>
    <ClCompile Include="力扣213-打家劫舍2.cpp">
      <Filter>源文件</Filter>
    </ClCompile>
    <ClCompile Include="力扣337-打家劫舍3.cpp">
      <Filter>源文件</Filter>
    </ClCompile>
    <ClCompile Include="力扣309-最佳买卖股票时机含冷冻期.cpp">
      <Filter>源文件</Filter>
    </ClCompile>
    <ClCompile Include="01背包问题.cpp">
      <Filter>源文件</Filter>
    </ClCompile>
    <ClCompile Include="力扣300-最长递增子序列.cpp">
      <Filter>源文件</Filter>
    </ClCompile>
    <ClCompile Include="力扣376-摆动序列.cpp">
      <Filter>源文件</Filter>
    </ClCompile>
    <ClCompile Include="力扣322-零钱兑换.cpp">
      <Filter>源文件</Filter>
    </ClCompile>
    <ClCompile Include="力扣377-组合总和Ⅳ.cpp">
      <Filter>源文件</Filter>
    </ClCompile>
    <ClCompile Include="力扣471-一和零.cpp">
      <Filter>源文件</Filter>
    </ClCompile>
    <ClCompile Include="力扣139-单词拆分.cpp">
      <Filter>源文件</Filter>
    </ClCompile>
    <ClCompile Include="力扣494-目标和.cpp">
      <Filter>源文件</Filter>
    </ClCompile>
    <ClCompile Include="LCS最长公共子序列.cpp">
      <Filter>源文件</Filter>
    </ClCompile>
  </ItemGroup>
</Project>